<?xml version="1.0" encoding="UTF-8" standalone="yes" ?>
<CodeBlocks_project_file>
	<FileVersion major="1" minor="6" />
	<Project>
		<Option title="CarRacer" />
		<Option pch_mode="2" />
		<Option compiler="gcc" />
		<Build>
			<Target title="Debug">
				<Option output="../__bin/Debug/canvas" prefix_auto="1" extension_auto="1" />
				<Option working_dir="../" />
				<Option object_output="../__obj/Debug/" />
				<Option type="1" />
				<Option compiler="gcc" />
				<Compiler>
					<Add option="-std=c++11" />
					<Add option="-g" />
					<!--Add directory="include" /-->
				</Compiler>
			</Target>
			<Target title="Release">
				<Option output="../__bin/Release/canvas" prefix_auto="1" extension_auto="1" />
				<Option working_dir="../" />
				<Option object_output="../__obj/Release/" />
				<Option type="1" />
				<Option compiler="gcc" />
				<Compiler>
					<Add option="-std=c++11" />
					<Add option="-O2 -Wall" />
					<!--Add directory="include" /-->
				</Compiler>
				<Linker>
					<Add option="-s" />
				</Linker>
			</Target>
		</Build>
		<Compiler>
			<Add option="-Wall" />
			<Add option="-fexceptions" />
		</Compiler>
		<Linker>
		    <!--Add library="../lib/freeglut.lib" /-->
		    <!--Add library="../lib/libglu32.a" /-->
		    <!--Add library="../lib/libopengl32.a" /-->
			<Add option="-lGL" />
			<Add option="-lGLU" />
			<Add option="-lglut" />
		</Linker>
		<Unit filename="include/GL/glut.h" />
		<Unit filename="src/AI/NN.cpp" />
        <Unit filename="src/AI/Perceptron.cpp" />
		<Unit filename="src/Interface/Botao.h" />
		<Unit filename="src/Interface/Checkbox.h" />
		<Unit filename="src/Interface/Fps.h" />
        <Unit filename="src/OpenGL/gl_canvas2d.cpp" />
        <Unit filename="src/OpenGL/gl_canvas2d.h" />
        <Unit filename="src/Runner/Shot/Bullet.h" />
        <Unit filename="src/Runner/Shot/Gun.cpp" />
        <Unit filename="src/Runner/Car.cpp" />
        <Unit filename="src/Runner/Score.h" />
        <Unit filename="src/Speedway/Bonus.cpp" />
        <Unit filename="src/Speedway/Gold.h" />
        <Unit filename="src/Speedway/Road.cpp" />
        <Unit filename="src/Utils/matrix.cpp" />
        <Unit filename="src/Utils/matrix.h" />
		<Unit filename="src/Utils/Point.h" />
		<Unit filename="src/Utils/Vector2.h" />
		<Unit filename="src/main.cpp" />
		<Extensions>
			<code_completion />
			<debugger />
			<envvars />
		</Extensions>
	</Project>
</CodeBlocks_project_file>
